{
  "name": "noraneko-registry",
  "lockfileVersion": 3,
  "requires": true,
  "packages": {
    "": {
      "name": "noraneko-registry",
      "dependencies": {
        "@sigstore/bundle": "^4.0.0",
        "@sigstore/protobuf-specs": "^0.5.0",
        "@sigstore/verify": "^3.0.0"
      }
    },
    "node_modules/@sigstore/bundle": {
      "version": "4.0.0",
      "resolved": "https://registry.npmjs.org/@sigstore/bundle/-/bundle-4.0.0.tgz",
      "integrity": "sha512-NwCl5Y0V6Di0NexvkTqdoVfmjTaQwoLM236r89KEojGmq/jMls8S+zb7yOwAPdXvbwfKDlP+lmXgAL4vKSQT+A==",
      "license": "Apache-2.0",
      "dependencies": {
        "@sigstore/protobuf-specs": "^0.5.0"
      },
      "engines": {
        "node": "^20.17.0 || >=22.9.0"
      }
    },
    "node_modules/@sigstore/core": {
      "version": "3.2.1",
      "resolved": "https://registry.npmjs.org/@sigstore/core/-/core-3.2.1.tgz",
      "integrity": "sha512-qRsxPnCrbC/puegGxKuynfnxgLiHqWStrSjxkoB4YKqq3Z3s4cyZyj42ZdWFAEblNP65C+rBH8EuREHIXoi83g==",
      "license": "Apache-2.0",
      "engines": {
        "node": "^20.17.0 || >=22.9.0"
      }
    },
    "node_modules/@sigstore/protobuf-specs": {
      "version": "0.5.2",
      "resolved": "https://registry.npmjs.org/@sigstore/protobuf-specs/-/protobuf-specs-0.5.2.tgz",
      "integrity": "sha512-SQqvFMt4V78fdjcDdYX6HbiVSOR4QK3ZgwCa2KOsopAgPIHy1rU5UDUmzLl02r5oyyaYcYHR1hpwDRk/yUe+Mw==",
      "license": "Apache-2.0",
      "engines": {
        "node": "^18.17.0 || >=20.5.0"
      }
    },
    "node_modules/@sigstore/verify": {
      "version": "3.1.1",
      "resolved": "https://registry.npmjs.org/@sigstore/verify/-/verify-3.1.1.tgz",
      "integrity": "sha512-qv7+G3J2cc6wwFj3yKvXOamzqhMwSk1ogPGmhpS8iXllcPrJaIIBA+4HbttlHVu1pqWTdmaCH/WE7UOC51kdoA==",
      "license": "Apache-2.0",
      "dependencies": {
        "@sigstore/bundle": "^4.0.0",
        "@sigstore/core": "^3.2.1",
        "@sigstore/protobuf-specs": "^0.5.0"
      },
      "engines": {
        "node": "^20.17.0 || >=22.9.0"
      }
    }
  }
}
